{
  "name": "plt",
  "version": "1.0.0",
  "lockfileVersion": 1,
  "requires": true,
  "dependencies": {
    "babar": {
      "version": "0.2.0",
      "resolved": "https://registry.npmjs.org/babar/-/babar-0.2.0.tgz",
      "integrity": "sha512-bH01czBTWEbf7Q6qje/4raQEG14jhPTQJmpj1Uxzw92VCr9yQcCWN+SbKTg34aOvWDs6wrhjfr6SGC8AaeSzaA==",
      "requires": {
        "colors": "~0.6.2"
      }
    },
    "charm": {
      "version": "1.0.2",
      "resolved": "https://registry.npmjs.org/charm/-/charm-1.0.2.tgz",
      "integrity": "sha1-it02cVOm2aWBMxBSxAkJkdqZXjU=",
      "requires": {
        "inherits": "^2.0.1"
      }
    },
    "colors": {
      "version": "0.6.2",
      "resolved": "http://registry.npmjs.org/colors/-/colors-0.6.2.tgz",
      "integrity": "sha1-JCP+ZnisDF2uiFLl0OW+CMmXq8w="
    },
    "fixedqueue": {
      "version": "0.0.1",
      "resolved": "https://registry.npmjs.org/fixedqueue/-/fixedqueue-0.0.1.tgz",
      "integrity": "sha1-QMyCf0wtlsUtO5hOXIrL5Dszkps="
    },
    "inherits": {
      "version": "2.0.3",
      "resolved": "https://registry.npmjs.org/inherits/-/inherits-2.0.3.tgz",
      "integrity": "sha1-Yzwsg+PaQqUC9SRmAiSA9CCCYd4="
    },
    "minimist": {
      "version": "0.0.10",
      "resolved": "http://registry.npmjs.org/minimist/-/minimist-0.0.10.tgz",
      "integrity": "sha1-3j+YVD2/lggr5IrRoMfNqDYwHc8="
    },
    "optimist": {
      "version": "0.6.1",
      "resolved": "https://registry.npmjs.org/optimist/-/optimist-0.6.1.tgz",
      "integrity": "sha1-2j6nRob6IaGaERwybpDrFaAZZoY=",
      "requires": {
        "minimist": "~0.0.1",
        "wordwrap": "~0.0.2"
      }
    },
    "split": {
      "version": "1.0.1",
      "resolved": "https://registry.npmjs.org/split/-/split-1.0.1.tgz",
      "integrity": "sha512-mTyOoPbrivtXnwnIxZRFYRrPNtEFKlpB2fvjSnCQUiAA6qAZzqwna5envK4uk6OIeP17CsdF3rSBGYVBsU0Tkg==",
      "requires": {
        "through": "2"
      }
    },
    "through": {
      "version": "2.3.8",
      "resolved": "http://registry.npmjs.org/through/-/through-2.3.8.tgz",
      "integrity": "sha1-DdTJ/6q8NXlgsbckEV1+Doai4fU="
    },
    "wordwrap": {
      "version": "0.0.3",
      "resolved": "https://registry.npmjs.org/wordwrap/-/wordwrap-0.0.3.tgz",
      "integrity": "sha1-o9XabNXAvAAI03I0u68b7WMFkQc="
    }
  }
}
